{
  "originHash" : "79c8405afb284f6c33bb80ee35444788b3bb8b08ed39a2d5fdf17df56e4343cb",
  "pins" : [
    {
      "identity" : "prowl",
      "kind" : "remoteSourceControl",
      "location" : "https://github.com/elmeeee/Prowl.git",
      "state" : {
        "revision" : "ce0e4439bc6776f55256356d1db3c68b73a9133e",
        "version" : "1.0.7"
      }
    }
  ],
  "version" : 3
}
